
Microsoft Visual Studio Solution File, Format Version 12.00
# Visual Studio 15
VisualStudioVersion = 15.0.28010.2016
MinimumVisualStudioVersion = 10.0.40219.1
Project("{FAE04EC0-301F-11D3-BF4B-00C04F79EFBC}") = "KBS1", "KBS1\KBS1.csproj", "{B80D2B3F-4EC4-4955-8879-C1D09F2EC273}"
EndProject
Project("{FAE04EC0-301F-11D3-BF4B-00C04F79EFBC}") = "UnitTests", "UnitTests\UnitTests.csproj", "{A90C3633-38F3-44FF-AB91-DB4027244406}"
EndProject
Global
	GlobalSection(SolutionConfigurationPlatforms) = preSolution
		Debug|Any CPU = Debug|Any CPU
		Release|Any CPU = Release|Any CPU
	EndGlobalSection
	GlobalSection(ProjectConfigurationPlatforms) = postSolution
		{B80D2B3F-4EC4-4955-8879-C1D09F2EC273}.Debug|Any CPU.ActiveCfg = Debug|Any CPU
		{B80D2B3F-4EC4-4955-8879-C1D09F2EC273}.Debug|Any CPU.Build.0 = Debug|Any CPU
		{B80D2B3F-4EC4-4955-8879-C1D09F2EC273}.Release|Any CPU.ActiveCfg = Release|Any CPU
		{B80D2B3F-4EC4-4955-8879-C1D09F2EC273}.Release|Any CPU.Build.0 = Release|Any CPU
		{A90C3633-38F3-44FF-AB91-DB4027244406}.Debug|Any CPU.ActiveCfg = Debug|Any CPU
		{A90C3633-38F3-44FF-AB91-DB4027244406}.Debug|Any CPU.Build.0 = Debug|Any CPU
		{A90C3633-38F3-44FF-AB91-DB4027244406}.Release|Any CPU.ActiveCfg = Release|Any CPU
		{A90C3633-38F3-44FF-AB91-DB4027244406}.Release|Any CPU.Build.0 = Release|Any CPU
	EndGlobalSection
	GlobalSection(SolutionProperties) = preSolution
		HideSolutionNode = FALSE
	EndGlobalSection
	GlobalSection(ExtensibilityGlobals) = postSolution
		SolutionGuid = {8F31AC7C-B5B6-4FD3-A7F5-112B8DB58CF7}
	EndGlobalSection
EndGlobal
